
Microsoft Visual Studio Solution File, Format Version 12.00
# Visual Studio Version 17
VisualStudioVersion = 17.11.35303.130
MinimumVisualStudioVersion = 10.0.40219.1
Project("{8BC9CEB8-8B4A-11D0-8D11-00A0C91BC942}") = "Buck4Variables", "Buck4Variables.vcxproj", "{272213B0-33B5-407D-9F9C-51CEACCE7E7D}"
EndProject
Global
	GlobalSection(SolutionConfigurationPlatforms) = preSolution
		Debug|x64 = Debug|x64
		Debug|x86 = Debug|x86
		Release|x64 = Release|x64
		Release|x86 = Release|x86
	EndGlobalSection
	GlobalSection(ProjectConfigurationPlatforms) = postSolution
		{272213B0-33B5-407D-9F9C-51CEACCE7E7D}.Debug|x64.ActiveCfg = Debug|x64
		{272213B0-33B5-407D-9F9C-51CEACCE7E7D}.Debug|x64.Build.0 = Debug|x64
		{272213B0-33B5-407D-9F9C-51CEACCE7E7D}.Debug|x86.ActiveCfg = Debug|Win32
		{272213B0-33B5-407D-9F9C-51CEACCE7E7D}.Debug|x86.Build.0 = Debug|Win32
		{272213B0-33B5-407D-9F9C-51CEACCE7E7D}.Release|x64.ActiveCfg = Release|x64
		{272213B0-33B5-407D-9F9C-51CEACCE7E7D}.Release|x64.Build.0 = Release|x64
		{272213B0-33B5-407D-9F9C-51CEACCE7E7D}.Release|x86.ActiveCfg = Release|Win32
		{272213B0-33B5-407D-9F9C-51CEACCE7E7D}.Release|x86.Build.0 = Release|Win32
	EndGlobalSection
	GlobalSection(SolutionProperties) = preSolution
		HideSolutionNode = FALSE
	EndGlobalSection
	GlobalSection(ExtensibilityGlobals) = postSolution
		SolutionGuid = {BC5E23F8-B107-4CC5-87FB-05A7996408F3}
	EndGlobalSection
EndGlobal
